
Microsoft Visual Studio Solution File, Format Version 12.00
# Visual Studio 15
VisualStudioVersion = 15.0.28307.1738
MinimumVisualStudioVersion = 10.0.40219.1
Project("{FAE04EC0-301F-11D3-BF4B-00C04F79EFBC}") = "CadastroEmpresas", "CadastroEmpresas\CadastroEmpresas.csproj", "{D8909D8B-E7FE-4221-817D-950ED4823A88}"
EndProject
Project("{FAE04EC0-301F-11D3-BF4B-00C04F79EFBC}") = "CadastroEmpresas.Modelo", "CadastroEmpresas.Modelo\CadastroEmpresas.Modelo.csproj", "{6DADDDC1-B52C-4029-B8AD-11E98F8706CD}"
EndProject
Project("{FAE04EC0-301F-11D3-BF4B-00C04F79EFBC}") = "CadastroEmpresas.Controller", "CadastroEmpresas.Controller\CadastroEmpresas.Controller.csproj", "{F797BFFD-6A5F-4E37-9DEA-05F03E377866}"
EndProject
Global
	GlobalSection(SolutionConfigurationPlatforms) = preSolution
		Debug|Any CPU = Debug|Any CPU
		Release|Any CPU = Release|Any CPU
	EndGlobalSection
	GlobalSection(ProjectConfigurationPlatforms) = postSolution
		{D8909D8B-E7FE-4221-817D-950ED4823A88}.Debug|Any CPU.ActiveCfg = Debug|Any CPU
		{D8909D8B-E7FE-4221-817D-950ED4823A88}.Debug|Any CPU.Build.0 = Debug|Any CPU
		{D8909D8B-E7FE-4221-817D-950ED4823A88}.Release|Any CPU.ActiveCfg = Release|Any CPU
		{D8909D8B-E7FE-4221-817D-950ED4823A88}.Release|Any CPU.Build.0 = Release|Any CPU
		{6DADDDC1-B52C-4029-B8AD-11E98F8706CD}.Debug|Any CPU.ActiveCfg = Debug|Any CPU
		{6DADDDC1-B52C-4029-B8AD-11E98F8706CD}.Debug|Any CPU.Build.0 = Debug|Any CPU
		{6DADDDC1-B52C-4029-B8AD-11E98F8706CD}.Release|Any CPU.ActiveCfg = Release|Any CPU
		{6DADDDC1-B52C-4029-B8AD-11E98F8706CD}.Release|Any CPU.Build.0 = Release|Any CPU
		{F797BFFD-6A5F-4E37-9DEA-05F03E377866}.Debug|Any CPU.ActiveCfg = Debug|Any CPU
		{F797BFFD-6A5F-4E37-9DEA-05F03E377866}.Debug|Any CPU.Build.0 = Debug|Any CPU
		{F797BFFD-6A5F-4E37-9DEA-05F03E377866}.Release|Any CPU.ActiveCfg = Release|Any CPU
		{F797BFFD-6A5F-4E37-9DEA-05F03E377866}.Release|Any CPU.Build.0 = Release|Any CPU
	EndGlobalSection
	GlobalSection(SolutionProperties) = preSolution
		HideSolutionNode = FALSE
	EndGlobalSection
	GlobalSection(ExtensibilityGlobals) = postSolution
		SolutionGuid = {3FBC00B1-01CE-499D-917E-8E8185FA1BF4}
	EndGlobalSection
EndGlobal
